
Microsoft Visual Studio Solution File, Format Version 12.00
# Visual Studio Version 17
VisualStudioVersion = 17.0.32014.148
MinimumVisualStudioVersion = 10.0.40219.1
Project("{FAE04EC0-301F-11D3-BF4B-00C04F79EFBC}") = "cvmaker", "cvmaker.csproj", "{3D41DD60-3D2A-403E-BF62-D237C39AFD37}"
EndProject
Global
	GlobalSection(SolutionConfigurationPlatforms) = preSolution
		Debug|Any CPU = Debug|Any CPU
		Release|Any CPU = Release|Any CPU
	EndGlobalSection
	GlobalSection(ProjectConfigurationPlatforms) = postSolution
		{3D41DD60-3D2A-403E-BF62-D237C39AFD37}.Debug|Any CPU.ActiveCfg = Debug|Any CPU
		{3D41DD60-3D2A-403E-BF62-D237C39AFD37}.Debug|Any CPU.Build.0 = Debug|Any CPU
		{3D41DD60-3D2A-403E-BF62-D237C39AFD37}.Release|Any CPU.ActiveCfg = Release|Any CPU
		{3D41DD60-3D2A-403E-BF62-D237C39AFD37}.Release|Any CPU.Build.0 = Release|Any CPU
	EndGlobalSection
	GlobalSection(SolutionProperties) = preSolution
		HideSolutionNode = FALSE
	EndGlobalSection
	GlobalSection(ExtensibilityGlobals) = postSolution
		SolutionGuid = {943217B3-E560-4E3F-91E5-210A5172453F}
	EndGlobalSection
EndGlobal
